
Microsoft Visual Studio Solution File, Format Version 12.00
# Visual Studio 15
VisualStudioVersion = 15.0.27428.1
MinimumVisualStudioVersion = 10.0.40219.1
Project("{FAE04EC0-301F-11D3-BF4B-00C04F79EFBC}") = "TerrariaConeecter", "TerrariaConeecter\TerrariaConeecter.csproj", "{04263F9D-F416-4EFC-AFD2-B6C870EEC53D}"
EndProject
Project("{FAE04EC0-301F-11D3-BF4B-00C04F79EFBC}") = "TCClient_v1", "TCClient_v1\TCClient_v1.csproj", "{DDBF363F-C8E3-4ED6-84A4-22734C91A375}"
EndProject
Project("{FAE04EC0-301F-11D3-BF4B-00C04F79EFBC}") = "TestProject", "TestProject\TestProject.csproj", "{AA94EFF1-2B5C-491C-950B-01207EF808BD}"
EndProject
Project("{2150E333-8FDC-42A3-9474-1A3956D46DE8}") = "image", "image", "{C544F618-94BF-473B-875E-7742B9804F56}"
	ProjectSection(SolutionItems) = preProject
		..\..\..\Desktop\client_1.png = ..\..\..\Desktop\client_1.png
		..\..\..\Desktop\图1.jpg = ..\..\..\Desktop\图1.jpg
	EndProjectSection
EndProject
Global
	GlobalSection(SolutionConfigurationPlatforms) = preSolution
		Debug|Any CPU = Debug|Any CPU
		Release|Any CPU = Release|Any CPU
	EndGlobalSection
	GlobalSection(ProjectConfigurationPlatforms) = postSolution
		{04263F9D-F416-4EFC-AFD2-B6C870EEC53D}.Debug|Any CPU.ActiveCfg = Debug|Any CPU
		{04263F9D-F416-4EFC-AFD2-B6C870EEC53D}.Debug|Any CPU.Build.0 = Debug|Any CPU
		{04263F9D-F416-4EFC-AFD2-B6C870EEC53D}.Release|Any CPU.ActiveCfg = Release|Any CPU
		{04263F9D-F416-4EFC-AFD2-B6C870EEC53D}.Release|Any CPU.Build.0 = Release|Any CPU
		{DDBF363F-C8E3-4ED6-84A4-22734C91A375}.Debug|Any CPU.ActiveCfg = Debug|Any CPU
		{DDBF363F-C8E3-4ED6-84A4-22734C91A375}.Debug|Any CPU.Build.0 = Debug|Any CPU
		{DDBF363F-C8E3-4ED6-84A4-22734C91A375}.Release|Any CPU.ActiveCfg = Release|Any CPU
		{DDBF363F-C8E3-4ED6-84A4-22734C91A375}.Release|Any CPU.Build.0 = Release|Any CPU
		{AA94EFF1-2B5C-491C-950B-01207EF808BD}.Debug|Any CPU.ActiveCfg = Debug|Any CPU
		{AA94EFF1-2B5C-491C-950B-01207EF808BD}.Debug|Any CPU.Build.0 = Debug|Any CPU
		{AA94EFF1-2B5C-491C-950B-01207EF808BD}.Release|Any CPU.ActiveCfg = Release|Any CPU
		{AA94EFF1-2B5C-491C-950B-01207EF808BD}.Release|Any CPU.Build.0 = Release|Any CPU
	EndGlobalSection
	GlobalSection(SolutionProperties) = preSolution
		HideSolutionNode = FALSE
	EndGlobalSection
	GlobalSection(ExtensibilityGlobals) = postSolution
		SolutionGuid = {66AEDA41-6652-4CCB-9229-F8F921D5E77D}
	EndGlobalSection
EndGlobal
